// !$*UTF8*$!
{
	archiveVersion = 1;
	classes = {
	};
	objectVersion = 46;
	objects = {

/* Begin PBXBuildFile section */
		555F0EE11B9774B50018CB49 /* opus_custom.h in Headers */ = {isa = PBXBuildFile; fileRef = 555F0EDC1B9774B50018CB49 /* opus_custom.h */; settings = {ATTRIBUTES = (Public, ); }; };
		555F0EE21B9774B50018CB49 /* opus_defines.h in Headers */ = {isa = PBXBuildFile; fileRef = 555F0EDD1B9774B50018CB49 /* opus_defines.h */; settings = {ATTRIBUTES = (Public, ); }; };
		555F0EE31B9774B50018CB49 /* opus_multistream.h in Headers */ = {isa = PBXBuildFile; fileRef = 555F0EDE1B9774B50018CB49 /* opus_multistream.h */; settings = {ATTRIBUTES = (Public, ); }; };
		555F0EE41B9774B50018CB49 /* opus_types.h in Headers */ = {isa = PBXBuildFile; fileRef = 555F0EDF1B9774B50018CB49 /* opus_types.h */; settings = {ATTRIBUTES = (Public, ); }; };
		555F0EE51B9774B50018CB49 /* opus.h in Headers */ = {isa = PBXBuildFile; fileRef = 555F0EE01B9774B50018CB49 /* opus.h */; settings = {ATTRIBUTES = (Public, ); }; };
		8D07F2BE0486CC7A007CD1D0 /* Opus_Prefix.pch in Headers */ = {isa = PBXBuildFile; fileRef = 32BAE0B70371A74B00C91783 /* Opus_Prefix.pch */; };
		8D07F2C00486CC7A007CD1D0 /* InfoPlist.strings in Resources */ = {isa = PBXBuildFile; fileRef = 089C1666FE841158C02AAC07 /* InfoPlist.strings */; };
/* End PBXBuildFile section */

/* Begin PBXFileReference section */
		089C1667FE841158C02AAC07 /* English */ = {isa = PBXFileReference; fileEncoding = 4; lastKnownFileType = text.plist.strings; name = English; path = English.lproj/InfoPlist.strings; sourceTree = "<group>"; };
		32BAE0B70371A74B00C91783 /* Opus_Prefix.pch */ = {isa = PBXFileReference; fileEncoding = 4; lastKnownFileType = sourcecode.c.h; path = Opus_Prefix.pch; sourceTree = SOURCE_ROOT; };
		555F0EDC1B9774B50018CB49 /* opus_custom.h */ = {isa = PBXFileReference; fileEncoding = 4; lastKnownFileType = sourcecode.c.h; path = opus_custom.h; sourceTree = "<group>"; };
		555F0EDD1B9774B50018CB49 /* opus_defines.h */ = {isa = PBXFileReference; fileEncoding = 4; lastKnownFileType = sourcecode.c.h; path = opus_defines.h; sourceTree = "<group>"; };
		555F0EDE1B9774B50018CB49 /* opus_multistream.h */ = {isa = PBXFileReference; fileEncoding = 4; lastKnownFileType = sourcecode.c.h; path = opus_multistream.h; sourceTree = "<group>"; };
		555F0EDF1B9774B50018CB49 /* opus_types.h */ = {isa = PBXFileReference; fileEncoding = 4; lastKnownFileType = sourcecode.c.h; path = opus_types.h; sourceTree = "<group>"; };
		555F0EE01B9774B50018CB49 /* opus.h */ = {isa = PBXFileReference; fileEncoding = 4; lastKnownFileType = sourcecode.c.h; path = opus.h; sourceTree = "<group>"; };
		556C3F391B79495E00D2CDDA /* DefaultConfigs.xcconfig */ = {isa = PBXFileReference; lastKnownFileType = text.xcconfig; name = DefaultConfigs.xcconfig; path = ../../../DefaultConfigs.xcconfig; sourceTree = SOURCE_ROOT; };
		556C3F3A1B79495E00D2CDDA /* DebugConfigs.xcconfig */ = {isa = PBXFileReference; lastKnownFileType = text.xcconfig; name = DebugConfigs.xcconfig; path = ../../../DebugConfigs.xcconfig; sourceTree = SOURCE_ROOT; };
		734FB2E50B18B33E00D561D7 /* libopus.a */ = {isa = PBXFileReference; explicitFileType = archive.ar; includeInIndex = 0; path = libopus.a; sourceTree = BUILT_PRODUCTS_DIR; };
		8D07F2C70486CC7A007CD1D0 /* Info.plist */ = {isa = PBXFileReference; fileEncoding = 4; lastKnownFileType = text.plist; path = Info.plist; sourceTree = "<group>"; };
		8D07F2C80486CC7A007CD1D0 /* Opus.framework */ = {isa = PBXFileReference; explicitFileType = wrapper.framework; includeInIndex = 0; path = Opus.framework; sourceTree = BUILT_PRODUCTS_DIR; };
/* End PBXFileReference section */

/* Begin PBXFrameworksBuildPhase section */
		734FB2E30B18B33E00D561D7 /* Frameworks */ = {
			isa = PBXFrameworksBuildPhase;
			buildActionMask = 2147483647;
			files = (
			);
			runOnlyForDeploymentPostprocessing = 0;
		};
		8D07F2C30486CC7A007CD1D0 /* Frameworks */ = {
			isa = PBXFrameworksBuildPhase;
			buildActionMask = 2147483647;
			files = (
			);
			runOnlyForDeploymentPostprocessing = 0;
		};
/* End PBXFrameworksBuildPhase section */

/* Begin PBXGroup section */
		034768DDFF38A45A11DB9C8B /* Products */ = {
			isa = PBXGroup;
			children = (
				8D07F2C80486CC7A007CD1D0 /* Opus.framework */,
				734FB2E50B18B33E00D561D7 /* libopus.a */,
			);
			name = Products;
			sourceTree = "<group>";
		};
		0867D691FE84028FC02AAC07 /* Ogg */ = {
			isa = PBXGroup;
			children = (
				556C3F391B79495E00D2CDDA /* DefaultConfigs.xcconfig */,
				556C3F3A1B79495E00D2CDDA /* DebugConfigs.xcconfig */,
				730F235F09181A3E00AB638C /* Headers */,
				08FB77ACFE841707C02AAC07 /* Source */,
				089C1665FE841158C02AAC07 /* Resources */,
				0867D69AFE84028FC02AAC07 /* External Frameworks and Libraries */,
				034768DDFF38A45A11DB9C8B /* Products */,
			);
			name = Ogg;
			sourceTree = "<group>";
		};
		0867D69AFE84028FC02AAC07 /* External Frameworks and Libraries */ = {
			isa = PBXGroup;
			children = (
			);
			name = "External Frameworks and Libraries";
			sourceTree = "<group>";
		};
		089C1665FE841158C02AAC07 /* Resources */ = {
			isa = PBXGroup;
			children = (
				8D07F2C70486CC7A007CD1D0 /* Info.plist */,
				089C1666FE841158C02AAC07 /* InfoPlist.strings */,
			);
			name = Resources;
			sourceTree = "<group>";
		};
		08FB77ACFE841707C02AAC07 /* Source */ = {
			isa = PBXGroup;
			children = (
				32BAE0B70371A74B00C91783 /* Opus_Prefix.pch */,
			);
			name = Source;
			path = ../src;
			sourceTree = "<group>";
		};
		730F235F09181A3E00AB638C /* Headers */ = {
			isa = PBXGroup;
			children = (
				555F0EDC1B9774B50018CB49 /* opus_custom.h */,
				555F0EDD1B9774B50018CB49 /* opus_defines.h */,
				555F0EDE1B9774B50018CB49 /* opus_multistream.h */,
				555F0EDF1B9774B50018CB49 /* opus_types.h */,
				555F0EE01B9774B50018CB49 /* opus.h */,
			);
			name = Headers;
			path = ../include;
			sourceTree = "<group>";
		};
/* End PBXGroup section */

/* Begin PBXHeadersBuildPhase section */
		734FB2E10B18B33E00D561D7 /* Headers */ = {
			isa = PBXHeadersBuildPhase;
			buildActionMask = 2147483647;
			files = (
			);
			runOnlyForDeploymentPostprocessing = 0;
		};
		8D07F2BD0486CC7A007CD1D0 /* Headers */ = {
			isa = PBXHeadersBuildPhase;
			buildActionMask = 2147483647;
			files = (
				555F0EE41B9774B50018CB49 /* opus_types.h in Headers */,
				555F0EE11B9774B50018CB49 /* opus_custom.h in Headers */,
				555F0EE31B9774B50018CB49 /* opus_multistream.h in Headers */,
				555F0EE51B9774B50018CB49 /* opus.h in Headers */,
				555F0EE21B9774B50018CB49 /* opus_defines.h in Headers */,
				8D07F2BE0486CC7A007CD1D0 /* Opus_Prefix.pch in Headers */,
			);
			runOnlyForDeploymentPostprocessing = 0;
		};
/* End PBXHeadersBuildPhase section */

/* Begin PBXNativeTarget section */
		734FB2E40B18B33E00D561D7 /* libopus (static) */ = {
			isa = PBXNativeTarget;
			buildConfigurationList = 734FB2ED0B18B3B900D561D7 /* Build configuration list for PBXNativeTarget "libopus (static)" */;
			buildPhases = (
				734FB2E10B18B33E00D561D7 /* Headers */,
				734FB2E20B18B33E00D561D7 /* Sources */,
				734FB2E30B18B33E00D561D7 /* Frameworks */,
			);
			buildRules = (
			);
			dependencies = (
			);
			name = "libopus (static)";
			productName = ogg;
			productReference = 734FB2E50B18B33E00D561D7 /* libopus.a */;
			productType = "com.apple.product-type.library.static";
		};
		8D07F2BC0486CC7A007CD1D0 /* Opus */ = {
			isa = PBXNativeTarget;
			buildConfigurationList = 730F235409181A3A00AB638C /* Build configuration list for PBXNativeTarget "Opus" */;
			buildPhases = (
				8D07F2BD0486CC7A007CD1D0 /* Headers */,
				8D07F2BF0486CC7A007CD1D0 /* Resources */,
				8D07F2C10486CC7A007CD1D0 /* Sources */,
				8D07F2C30486CC7A007CD1D0 /* Frameworks */,
				8D07F2C50486CC7A007CD1D0 /* Rez */,
			);
			buildRules = (
			);
			dependencies = (
			);
			name = Opus;
			productInstallPath = "$(HOME)/Library/Frameworks";
			productName = Ogg;
			productReference = 8D07F2C80486CC7A007CD1D0 /* Opus.framework */;
			productType = "com.apple.product-type.framework";
		};
/* End PBXNativeTarget section */

/* Begin PBXProject section */
		0867D690FE84028FC02AAC07 /* Project object */ = {
			isa = PBXProject;
			attributes = {
				LastUpgradeCheck = 0700;
			};
			buildConfigurationList = 730F235809181A3A00AB638C /* Build configuration list for PBXProject "Opus" */;
			compatibilityVersion = "Xcode 3.2";
			developmentRegion = English;
			hasScannedForEncodings = 1;
			knownRegions = (
				en,
			);
			mainGroup = 0867D691FE84028FC02AAC07 /* Ogg */;
			productRefGroup = 034768DDFF38A45A11DB9C8B /* Products */;
			projectDirPath = "";
			projectRoot = "";
			targets = (
				8D07F2BC0486CC7A007CD1D0 /* Opus */,
				734FB2E40B18B33E00D561D7 /* libopus (static) */,
			);
		};
/* End PBXProject section */

/* Begin PBXResourcesBuildPhase section */
		8D07F2BF0486CC7A007CD1D0 /* Resources */ = {
			isa = PBXResourcesBuildPhase;
			buildActionMask = 2147483647;
			files = (
				8D07F2C00486CC7A007CD1D0 /* InfoPlist.strings in Resources */,
			);
			runOnlyForDeploymentPostprocessing = 0;
		};
/* End PBXResourcesBuildPhase section */

/* Begin PBXRezBuildPhase section */
		8D07F2C50486CC7A007CD1D0 /* Rez */ = {
			isa = PBXRezBuildPhase;
			buildActionMask = 2147483647;
			files = (
			);
			runOnlyForDeploymentPostprocessing = 0;
		};
/* End PBXRezBuildPhase section */

/* Begin PBXSourcesBuildPhase section */
		734FB2E20B18B33E00D561D7 /* Sources */ = {
			isa = PBXSourcesBuildPhase;
			buildActionMask = 2147483647;
			files = (
			);
			runOnlyForDeploymentPostprocessing = 0;
		};
		8D07F2C10486CC7A007CD1D0 /* Sources */ = {
			isa = PBXSourcesBuildPhase;
			buildActionMask = 2147483647;
			files = (
			);
			runOnlyForDeploymentPostprocessing = 0;
		};
/* End PBXSourcesBuildPhase section */

/* Begin PBXVariantGroup section */
		089C1666FE841158C02AAC07 /* InfoPlist.strings */ = {
			isa = PBXVariantGroup;
			children = (
				089C1667FE841158C02AAC07 /* English */,
			);
			name = InfoPlist.strings;
			sourceTree = "<group>";
		};
/* End PBXVariantGroup section */

/* Begin XCBuildConfiguration section */
		730F235509181A3A00AB638C /* Debug */ = {
			isa = XCBuildConfiguration;
			buildSettings = {
				COMBINE_HIDPI_IMAGES = YES;
				COPY_PHASE_STRIP = NO;
				DYLIB_COMPATIBILITY_VERSION = 1;
				DYLIB_CURRENT_VERSION = 1;
				DYLIB_INSTALL_NAME_BASE = "@rpath";
				FRAMEWORK_VERSION = A;
				GCC_DYNAMIC_NO_PIC = NO;
				GCC_ENABLE_FIX_AND_CONTINUE = YES;
				GCC_GENERATE_DEBUGGING_SYMBOLS = YES;
				GCC_PRECOMPILE_PREFIX_HEADER = YES;
				GCC_PREFIX_HEADER = Opus_Prefix.pch;
				INFOPLIST_FILE = Info.plist;
				INSTALL_PATH = /Library/Frameworks;
				PRODUCT_BUNDLE_IDENTIFIER = org.xiph.ogg;
				PRODUCT_NAME = Opus;
				WRAPPER_EXTENSION = framework;
				ZERO_LINK = YES;
			};
			name = Debug;
		};
		730F235609181A3A00AB638C /* Release */ = {
			isa = XCBuildConfiguration;
			buildSettings = {
				COMBINE_HIDPI_IMAGES = YES;
				COPY_PHASE_STRIP = YES;
				DYLIB_COMPATIBILITY_VERSION = 1;
				DYLIB_CURRENT_VERSION = 1;
				DYLIB_INSTALL_NAME_BASE = "@rpath";
				FRAMEWORK_VERSION = A;
				GCC_ENABLE_FIX_AND_CONTINUE = NO;
				GCC_GENERATE_DEBUGGING_SYMBOLS = NO;
				GCC_PRECOMPILE_PREFIX_HEADER = YES;
				GCC_PREFIX_HEADER = Opus_Prefix.pch;
				INFOPLIST_FILE = Info.plist;
				INSTALL_PATH = /Library/Frameworks;
				PRODUCT_BUNDLE_IDENTIFIER = org.xiph.ogg;
				PRODUCT_NAME = Opus;
				WRAPPER_EXTENSION = framework;
				ZERO_LINK = NO;
			};
			name = Release;
		};
		730F235909181A3A00AB638C /* Debug */ = {
			isa = XCBuildConfiguration;
			baseConfigurationReference = 556C3F3A1B79495E00D2CDDA /* DebugConfigs.xcconfig */;
			buildSettings = {
				FRAMEWORK_SEARCH_PATHS = (
					"$(FRAMEWORK_SEARCH_PATHS)",
					"$(LOCAL_LIBRARY_DIR)/Frameworks",
				);
				GCC_PREPROCESSOR_DEFINITIONS = __MACOSX__;
			};
			name = Debug;
		};
		730F235A09181A3A00AB638C /* Release */ = {
			isa = XCBuildConfiguration;
			baseConfigurationReference = 556C3F391B79495E00D2CDDA /* DefaultConfigs.xcconfig */;
			buildSettings = {
				DEBUG_INFORMATION_FORMAT = "dwarf-with-dsym";
				FRAMEWORK_SEARCH_PATHS = (
					"$(FRAMEWORK_SEARCH_PATHS)",
					"$(LOCAL_LIBRARY_DIR)/Frameworks",
				);
				GCC_FAST_MATH = YES;
				GCC_PREPROCESSOR_DEFINITIONS = __MACOSX__;
				OTHER_CFLAGS = (
					"$(inherited)",
					"-falign-loops=16",
				);
			};
			name = Release;
		};
		734FB2EE0B18B3B900D561D7 /* Debug */ = {
			isa = XCBuildConfiguration;
			buildSettings = {
				COMBINE_HIDPI_IMAGES = YES;
				COPY_PHASE_STRIP = NO;
				GCC_DYNAMIC_NO_PIC = NO;
				GCC_ENABLE_FIX_AND_CONTINUE = YES;
				GCC_GENERATE_DEBUGGING_SYMBOLS = YES;
				INSTALL_PATH = /usr/local/lib;
				PREBINDING = NO;
				PRODUCT_NAME = opus;
				ZERO_LINK = YES;
			};
			name = Debug;
		};
		734FB2EF0B18B3B900D561D7 /* Release */ = {
			isa = XCBuildConfiguration;
			buildSettings = {
				COMBINE_HIDPI_IMAGES = YES;
				COPY_PHASE_STRIP = YES;
				GCC_ENABLE_FIX_AND_CONTINUE = NO;
				GCC_GENERATE_DEBUGGING_SYMBOLS = NO;
				INSTALL_PATH = /usr/local/lib;
				PREBINDING = NO;
				PRODUCT_NAME = opus;
				ZERO_LINK = NO;
			};
			name = Release;
		};
/* End XCBuildConfiguration section */

/* Begin XCConfigurationList section */
		730F235409181A3A00AB638C /* Build configuration list for PBXNativeTarget "Opus" */ = {
			isa = XCConfigurationList;
			buildConfigurations = (
				730F235509181A3A00AB638C /* Debug */,
				730F235609181A3A00AB638C /* Release */,
			);
			defaultConfigurationIsVisible = 0;
			defaultConfigurationName = Release;
		};
		730F235809181A3A00AB638C /* Build configuration list for PBXProject "Opus" */ = {
			isa = XCConfigurationList;
			buildConfigurations = (
				730F235909181A3A00AB638C /* Debug */,
				730F235A09181A3A00AB638C /* Release */,
			);
			defaultConfigurationIsVisible = 0;
			defaultConfigurationName = Release;
		};
		734FB2ED0B18B3B900D561D7 /* Build configuration list for PBXNativeTarget "libopus (static)" */ = {
			isa = XCConfigurationList;
			buildConfigurations = (
				734FB2EE0B18B3B900D561D7 /* Debug */,
				734FB2EF0B18B3B900D561D7 /* Release */,
			);
			defaultConfigurationIsVisible = 0;
			defaultConfigurationName = Release;
		};
/* End XCConfigurationList section */
	};
	rootObject = 0867D690FE84028FC02AAC07 /* Project object */;
}
